name: Generate package lock

on:
  workflow_dispatch:

permissions:
  contents: read

jobs:
  generate-lockfile:
    runs-on: ubuntu-latest
    timeout-minutes: 15

    steps:
      - name: Checkout
        uses: actions/checkout@v4

      - name: Set up Node
        uses: actions/setup-node@v4
        with:
          node-version: 20
          registry-url: https://registry.npmjs.org

      - name: Install repository npm version
        run: npm install --global npm@10.9.2

      - name: Print tool versions
        run: |
          node --version
          npm --version

      - name: Remove existing generated state
        run: |
          rm -rf node_modules
          rm -f package-lock.json

      - name: Generate package lock
        run: npm install --package-lock-only --ignore-scripts

      - name: Validate generated lock
        run: |
          npm ci --ignore-scripts
          npm run verify:dependencies

      - name: Inspect official test dependencies
        run: |
          npm ls jsdom
          npm ls @testing-library/react
          npm ls @testing-library/user-event
          npm ls @testing-library/jest-dom

      - name: Upload generated lockfile
        uses: actions/upload-artifact@v4
        with:
          name: generated-package-lock
          path: package-lock.json
          if-no-files-found: error
          retention-days: 7
